
Microsoft Visual Studio Solution File, Format Version 12.00
# Visual Studio Version 17
VisualStudioVersion = 17.6.33829.357
MinimumVisualStudioVersion = 10.0.40219.1
Project("{FAE04EC0-301F-11D3-BF4B-00C04F79EFBC}") = "BookStoreMvc", "BookStoreMvc\BookStoreMvc.csproj", "{387268C8-A8DF-49D1-8B38-A00B6FB976D0}"
EndProject
Global
	GlobalSection(SolutionConfigurationPlatforms) = preSolution
		Debug|Any CPU = Debug|Any CPU
		Release|Any CPU = Release|Any CPU
	EndGlobalSection
	GlobalSection(ProjectConfigurationPlatforms) = postSolution
		{387268C8-A8DF-49D1-8B38-A00B6FB976D0}.Debug|Any CPU.ActiveCfg = Debug|Any CPU
		{387268C8-A8DF-49D1-8B38-A00B6FB976D0}.Debug|Any CPU.Build.0 = Debug|Any CPU
		{387268C8-A8DF-49D1-8B38-A00B6FB976D0}.Release|Any CPU.ActiveCfg = Release|Any CPU
		{387268C8-A8DF-49D1-8B38-A00B6FB976D0}.Release|Any CPU.Build.0 = Release|Any CPU
	EndGlobalSection
	GlobalSection(SolutionProperties) = preSolution
		HideSolutionNode = FALSE
	EndGlobalSection
	GlobalSection(ExtensibilityGlobals) = postSolution
		SolutionGuid = {E9F739AE-4A26-4915-801C-CCBC8121444F}
	EndGlobalSection
EndGlobal
